schema_version: "1.0"
updated: "2026-09-06"
components:
  idempiere:
    repository: "https://github.com/idempiere/idempiere"
    image: "idempiereofficial/idempiere:13-release"
    release_name: "Orion"
    compatibility_line: "13-LTS"
  baobab_erp_extensions:
    path: "idempiere/extensions"
    version: "0.1.0"
  baobab_erp_modules:
    path: "modules"
    version: "0.1.0"
runtime:
  database:
    engine: "postgresql"
    image: "postgres:16-alpine"
  java:
    release: "17"
policy:
  vendor_upstream_source: false
  direct_upstream_modification: false
  upgrade_requires_compatibility_tests: true
